
Microsoft Visual Studio Solution File, Format Version 12.00
# Visual Studio 2013
VisualStudioVersion = 12.0.21005.1
MinimumVisualStudioVersion = 10.0.40219.1
Project("{FAE04EC0-301F-11D3-BF4B-00C04F79EFBC}") = "LastHit", "LastHit\LastHit.csproj", "{41A7952D-E374-4F98-A46D-97AEDFF0D5FD}"
EndProject
Global
	GlobalSection(SolutionConfigurationPlatforms) = preSolution
		Debug|Any CPU = Debug|Any CPU
		Release|Any CPU = Release|Any CPU
	EndGlobalSection
	GlobalSection(ProjectConfigurationPlatforms) = postSolution
		{41A7952D-E374-4F98-A46D-97AEDFF0D5FD}.Debug|Any CPU.ActiveCfg = Debug|Any CPU
		{41A7952D-E374-4F98-A46D-97AEDFF0D5FD}.Debug|Any CPU.Build.0 = Debug|Any CPU
		{41A7952D-E374-4F98-A46D-97AEDFF0D5FD}.Release|Any CPU.ActiveCfg = Release|Any CPU
		{41A7952D-E374-4F98-A46D-97AEDFF0D5FD}.Release|Any CPU.Build.0 = Release|Any CPU
	EndGlobalSection
	GlobalSection(SolutionProperties) = preSolution
		HideSolutionNode = FALSE
	EndGlobalSection
EndGlobal
